
Microsoft Visual Studio Solution File, Format Version 12.00
# Visual Studio 15
VisualStudioVersion = 15.0.26403.3
MinimumVisualStudioVersion = 10.0.40219.1
Project("{FAE04EC0-301F-11D3-BF4B-00C04F79EFBC}") = "TalkingTimer.Android", "TalkingTimer\TalkingTimer.Android\TalkingTimer.Android.csproj", "{18A5BAFF-837A-44DC-A158-7C9E7DB50288}"
EndProject
Project("{FAE04EC0-301F-11D3-BF4B-00C04F79EFBC}") = "TalkingTimer", "TalkingTimer\TalkingTimer\TalkingTimer.csproj", "{289713D6-61F7-4BB7-A715-B86577C1407E}"
EndProject
Project("{FAE04EC0-301F-11D3-BF4B-00C04F79EFBC}") = "TalkingTimer.UWP", "TalkingTimer\TalkingTimer.UWP\TalkingTimer.UWP.csproj", "{5D4E2161-848C-42E5-A061-B7C1CD0C1C53}"
EndProject
Project("{FAE04EC0-301F-11D3-BF4B-00C04F79EFBC}") = "TalkingTimer.iOS", "TalkingTimer\TalkingTimer.iOS\TalkingTimer.iOS.csproj", "{5F23575C-02AE-4C19-9438-1278A3803756}"
EndProject
Global
	GlobalSection(SolutionConfigurationPlatforms) = preSolution
		Ad-Hoc|Any CPU = Ad-Hoc|Any CPU
		Ad-Hoc|ARM = Ad-Hoc|ARM
		Ad-Hoc|iPhone = Ad-Hoc|iPhone
		Ad-Hoc|iPhoneSimulator = Ad-Hoc|iPhoneSimulator
		Ad-Hoc|x64 = Ad-Hoc|x64
		Ad-Hoc|x86 = Ad-Hoc|x86
		AppStore|Any CPU = AppStore|Any CPU
		AppStore|ARM = AppStore|ARM
		AppStore|iPhone = AppStore|iPhone
		AppStore|iPhoneSimulator = AppStore|iPhoneSimulator
		AppStore|x64 = AppStore|x64
		AppStore|x86 = AppStore|x86
		Debug|Any CPU = Debug|Any CPU
		Debug|ARM = Debug|ARM
		Debug|iPhone = Debug|iPhone
		Debug|iPhoneSimulator = Debug|iPhoneSimulator
		Debug|x64 = Debug|x64
		Debug|x86 = Debug|x86
		Release|Any CPU = Release|Any CPU
		Release|ARM = Release|ARM
		Release|iPhone = Release|iPhone
		Release|iPhoneSimulator = Release|iPhoneSimulator
		Release|x64 = Release|x64
		Release|x86 = Release|x86
	EndGlobalSection
	GlobalSection(ProjectConfigurationPlatforms) = postSolution
		{18A5BAFF-837A-44DC-A158-7C9E7DB50288}.Ad-Hoc|Any CPU.ActiveCfg = Release|Any CPU
		{18A5BAFF-837A-44DC-A158-7C9E7DB50288}.Ad-Hoc|Any CPU.Build.0 = Release|Any CPU
		{18A5BAFF-837A-44DC-A158-7C9E7DB50288}.Ad-Hoc|Any CPU.Deploy.0 = Release|Any CPU
		{18A5BAFF-837A-44DC-A158-7C9E7DB50288}.Ad-Hoc|ARM.ActiveCfg = Release|Any CPU
		{18A5BAFF-837A-44DC-A158-7C9E7DB50288}.Ad-Hoc|ARM.Build.0 = Release|Any CPU
		{18A5BAFF-837A-44DC-A158-7C9E7DB50288}.Ad-Hoc|ARM.Deploy.0 = Release|Any CPU
		{18A5BAFF-837A-44DC-A158-7C9E7DB50288}.Ad-Hoc|iPhone.ActiveCfg = Release|Any CPU
		{18A5BAFF-837A-44DC-A158-7C9E7DB50288}.Ad-Hoc|iPhone.Build.0 = Release|Any CPU
		{18A5BAFF-837A-44DC-A158-7C9E7DB50288}.Ad-Hoc|iPhone.Deploy.0 = Release|Any CPU
		{18A5BAFF-837A-44DC-A158-7C9E7DB50288}.Ad-Hoc|iPhoneSimulator.ActiveCfg = Release|Any CPU
		{18A5BAFF-837A-44DC-A158-7C9E7DB50288}.Ad-Hoc|iPhoneSimulator.Build.0 = Release|Any CPU
		{18A5BAFF-837A-44DC-A158-7C9E7DB50288}.Ad-Hoc|iPhoneSimulator.Deploy.0 = Release|Any CPU
		{18A5BAFF-837A-44DC-A158-7C9E7DB50288}.Ad-Hoc|x64.ActiveCfg = Release|Any CPU
		{18A5BAFF-837A-44DC-A158-7C9E7DB50288}.Ad-Hoc|x64.Build.0 = Release|Any CPU
		{18A5BAFF-837A-44DC-A158-7C9E7DB50288}.Ad-Hoc|x64.Deploy.0 = Release|Any CPU
		{18A5BAFF-837A-44DC-A158-7C9E7DB50288}.Ad-Hoc|x86.ActiveCfg = Release|Any CPU
		{18A5BAFF-837A-44DC-A158-7C9E7DB50288}.Ad-Hoc|x86.Build.0 = Release|Any CPU
		{18A5BAFF-837A-44DC-A158-7C9E7DB50288}.Ad-Hoc|x86.Deploy.0 = Release|Any CPU
		{18A5BAFF-837A-44DC-A158-7C9E7DB50288}.AppStore|Any CPU.ActiveCfg = Release|Any CPU
		{18A5BAFF-837A-44DC-A158-7C9E7DB50288}.AppStore|Any CPU.Build.0 = Release|Any CPU
		{18A5BAFF-837A-44DC-A158-7C9E7DB50288}.AppStore|Any CPU.Deploy.0 = Release|Any CPU
		{18A5BAFF-837A-44DC-A158-7C9E7DB50288}.AppStore|ARM.ActiveCfg = Release|Any CPU
		{18A5BAFF-837A-44DC-A158-7C9E7DB50288}.AppStore|ARM.Build.0 = Release|Any CPU
		{18A5BAFF-837A-44DC-A158-7C9E7DB50288}.AppStore|ARM.Deploy.0 = Release|Any CPU
		{18A5BAFF-837A-44DC-A158-7C9E7DB50288}.AppStore|iPhone.ActiveCfg = Release|Any CPU
		{18A5BAFF-837A-44DC-A158-7C9E7DB50288}.AppStore|iPhone.Build.0 = Release|Any CPU
		{18A5BAFF-837A-44DC-A158-7C9E7DB50288}.AppStore|iPhone.Deploy.0 = Release|Any CPU
		{18A5BAFF-837A-44DC-A158-7C9E7DB50288}.AppStore|iPhoneSimulator.ActiveCfg = Release|Any CPU
		{18A5BAFF-837A-44DC-A158-7C9E7DB50288}.AppStore|iPhoneSimulator.Build.0 = Release|Any CPU
		{18A5BAFF-837A-44DC-A158-7C9E7DB50288}.AppStore|iPhoneSimulator.Deploy.0 = Release|Any CPU
		{18A5BAFF-837A-44DC-A158-7C9E7DB50288}.AppStore|x64.ActiveCfg = Release|Any CPU
		{18A5BAFF-837A-44DC-A158-7C9E7DB50288}.AppStore|x64.Build.0 = Release|Any CPU
		{18A5BAFF-837A-44DC-A158-7C9E7DB50288}.AppStore|x64.Deploy.0 = Release|Any CPU
		{18A5BAFF-837A-44DC-A158-7C9E7DB50288}.AppStore|x86.ActiveCfg = Release|Any CPU
		{18A5BAFF-837A-44DC-A158-7C9E7DB50288}.AppStore|x86.Build.0 = Release|Any CPU
		{18A5BAFF-837A-44DC-A158-7C9E7DB50288}.AppStore|x86.Deploy.0 = Release|Any CPU
		{18A5BAFF-837A-44DC-A158-7C9E7DB50288}.Debug|Any CPU.ActiveCfg = Debug|Any CPU
		{18A5BAFF-837A-44DC-A158-7C9E7DB50288}.Debug|Any CPU.Build.0 = Debug|Any CPU
		{18A5BAFF-837A-44DC-A158-7C9E7DB50288}.Debug|Any CPU.Deploy.0 = Debug|Any CPU
		{18A5BAFF-837A-44DC-A158-7C9E7DB50288}.Debug|ARM.ActiveCfg = Debug|Any CPU
		{18A5BAFF-837A-44DC-A158-7C9E7DB50288}.Debug|ARM.Build.0 = Debug|Any CPU
		{18A5BAFF-837A-44DC-A158-7C9E7DB50288}.Debug|ARM.Deploy.0 = Debug|Any CPU
		{18A5BAFF-837A-44DC-A158-7C9E7DB50288}.Debug|iPhone.ActiveCfg = Debug|Any CPU
		{18A5BAFF-837A-44DC-A158-7C9E7DB50288}.Debug|iPhone.Build.0 = Debug|Any CPU
		{18A5BAFF-837A-44DC-A158-7C9E7DB50288}.Debug|iPhone.Deploy.0 = Debug|Any CPU
		{18A5BAFF-837A-44DC-A158-7C9E7DB50288}.Debug|iPhoneSimulator.ActiveCfg = Debug|Any CPU
		{18A5BAFF-837A-44DC-A158-7C9E7DB50288}.Debug|iPhoneSimulator.Build.0 = Debug|Any CPU
		{18A5BAFF-837A-44DC-A158-7C9E7DB50288}.Debug|iPhoneSimulator.Deploy.0 = Debug|Any CPU
		{18A5BAFF-837A-44DC-A158-7C9E7DB50288}.Debug|x64.ActiveCfg = Debug|Any CPU
		{18A5BAFF-837A-44DC-A158-7C9E7DB50288}.Debug|x64.Build.0 = Debug|Any CPU
		{18A5BAFF-837A-44DC-A158-7C9E7DB50288}.Debug|x64.Deploy.0 = Debug|Any CPU
		{18A5BAFF-837A-44DC-A158-7C9E7DB50288}.Debug|x86.ActiveCfg = Debug|Any CPU
		{18A5BAFF-837A-44DC-A158-7C9E7DB50288}.Debug|x86.Build.0 = Debug|Any CPU
		{18A5BAFF-837A-44DC-A158-7C9E7DB50288}.Debug|x86.Deploy.0 = Debug|Any CPU
		{18A5BAFF-837A-44DC-A158-7C9E7DB50288}.Release|Any CPU.ActiveCfg = Release|Any CPU
		{18A5BAFF-837A-44DC-A158-7C9E7DB50288}.Release|Any CPU.Build.0 = Release|Any CPU
		{18A5BAFF-837A-44DC-A158-7C9E7DB50288}.Release|Any CPU.Deploy.0 = Release|Any CPU
		{18A5BAFF-837A-44DC-A158-7C9E7DB50288}.Release|ARM.ActiveCfg = Release|Any CPU
		{18A5BAFF-837A-44DC-A158-7C9E7DB50288}.Release|ARM.Build.0 = Release|Any CPU
		{18A5BAFF-837A-44DC-A158-7C9E7DB50288}.Release|ARM.Deploy.0 = Release|Any CPU
		{18A5BAFF-837A-44DC-A158-7C9E7DB50288}.Release|iPhone.ActiveCfg = Release|Any CPU
		{18A5BAFF-837A-44DC-A158-7C9E7DB50288}.Release|iPhone.Build.0 = Release|Any CPU
		{18A5BAFF-837A-44DC-A158-7C9E7DB50288}.Release|iPhone.Deploy.0 = Release|Any CPU
		{18A5BAFF-837A-44DC-A158-7C9E7DB50288}.Release|iPhoneSimulator.ActiveCfg = Release|Any CPU
		{18A5BAFF-837A-44DC-A158-7C9E7DB50288}.Release|iPhoneSimulator.Build.0 = Release|Any CPU
		{18A5BAFF-837A-44DC-A158-7C9E7DB50288}.Release|iPhoneSimulator.Deploy.0 = Release|Any CPU
		{18A5BAFF-837A-44DC-A158-7C9E7DB50288}.Release|x64.ActiveCfg = Release|Any CPU
		{18A5BAFF-837A-44DC-A158-7C9E7DB50288}.Release|x64.Build.0 = Release|Any CPU
		{18A5BAFF-837A-44DC-A158-7C9E7DB50288}.Release|x64.Deploy.0 = Release|Any CPU
		{18A5BAFF-837A-44DC-A158-7C9E7DB50288}.Release|x86.ActiveCfg = Release|Any CPU
		{18A5BAFF-837A-44DC-A158-7C9E7DB50288}.Release|x86.Build.0 = Release|Any CPU
		{18A5BAFF-837A-44DC-A158-7C9E7DB50288}.Release|x86.Deploy.0 = Release|Any CPU
		{289713D6-61F7-4BB7-A715-B86577C1407E}.Ad-Hoc|Any CPU.ActiveCfg = Release|Any CPU
		{289713D6-61F7-4BB7-A715-B86577C1407E}.Ad-Hoc|Any CPU.Build.0 = Release|Any CPU
		{289713D6-61F7-4BB7-A715-B86577C1407E}.Ad-Hoc|ARM.ActiveCfg = Release|Any CPU
		{289713D6-61F7-4BB7-A715-B86577C1407E}.Ad-Hoc|ARM.Build.0 = Release|Any CPU
		{289713D6-61F7-4BB7-A715-B86577C1407E}.Ad-Hoc|iPhone.ActiveCfg = Release|Any CPU
		{289713D6-61F7-4BB7-A715-B86577C1407E}.Ad-Hoc|iPhone.Build.0 = Release|Any CPU
		{289713D6-61F7-4BB7-A715-B86577C1407E}.Ad-Hoc|iPhoneSimulator.ActiveCfg = Release|Any CPU
		{289713D6-61F7-4BB7-A715-B86577C1407E}.Ad-Hoc|iPhoneSimulator.Build.0 = Release|Any CPU
		{289713D6-61F7-4BB7-A715-B86577C1407E}.Ad-Hoc|x64.ActiveCfg = Release|Any CPU
		{289713D6-61F7-4BB7-A715-B86577C1407E}.Ad-Hoc|x64.Build.0 = Release|Any CPU
		{289713D6-61F7-4BB7-A715-B86577C1407E}.Ad-Hoc|x86.ActiveCfg = Release|Any CPU
		{289713D6-61F7-4BB7-A715-B86577C1407E}.Ad-Hoc|x86.Build.0 = Release|Any CPU
		{289713D6-61F7-4BB7-A715-B86577C1407E}.AppStore|Any CPU.ActiveCfg = Release|Any CPU
		{289713D6-61F7-4BB7-A715-B86577C1407E}.AppStore|Any CPU.Build.0 = Release|Any CPU
		{289713D6-61F7-4BB7-A715-B86577C1407E}.AppStore|ARM.ActiveCfg = Release|Any CPU
		{289713D6-61F7-4BB7-A715-B86577C1407E}.AppStore|ARM.Build.0 = Release|Any CPU
		{289713D6-61F7-4BB7-A715-B86577C1407E}.AppStore|iPhone.ActiveCfg = Release|Any CPU
		{289713D6-61F7-4BB7-A715-B86577C1407E}.AppStore|iPhone.Build.0 = Release|Any CPU
		{289713D6-61F7-4BB7-A715-B86577C1407E}.AppStore|iPhoneSimulator.ActiveCfg = Release|Any CPU
		{289713D6-61F7-4BB7-A715-B86577C1407E}.AppStore|iPhoneSimulator.Build.0 = Release|Any CPU
		{289713D6-61F7-4BB7-A715-B86577C1407E}.AppStore|x64.ActiveCfg = Release|Any CPU
		{289713D6-61F7-4BB7-A715-B86577C1407E}.AppStore|x64.Build.0 = Release|Any CPU
		{289713D6-61F7-4BB7-A715-B86577C1407E}.AppStore|x86.ActiveCfg = Release|Any CPU
		{289713D6-61F7-4BB7-A715-B86577C1407E}.AppStore|x86.Build.0 = Release|Any CPU
		{289713D6-61F7-4BB7-A715-B86577C1407E}.Debug|Any CPU.ActiveCfg = Debug|Any CPU
		{289713D6-61F7-4BB7-A715-B86577C1407E}.Debug|Any CPU.Build.0 = Debug|Any CPU
		{289713D6-61F7-4BB7-A715-B86577C1407E}.Debug|ARM.ActiveCfg = Debug|Any CPU
		{289713D6-61F7-4BB7-A715-B86577C1407E}.Debug|ARM.Build.0 = Debug|Any CPU
		{289713D6-61F7-4BB7-A715-B86577C1407E}.Debug|iPhone.ActiveCfg = Debug|Any CPU
		{289713D6-61F7-4BB7-A715-B86577C1407E}.Debug|iPhone.Build.0 = Debug|Any CPU
		{289713D6-61F7-4BB7-A715-B86577C1407E}.Debug|iPhoneSimulator.ActiveCfg = Debug|Any CPU
		{289713D6-61F7-4BB7-A715-B86577C1407E}.Debug|iPhoneSimulator.Build.0 = Debug|Any CPU
		{289713D6-61F7-4BB7-A715-B86577C1407E}.Debug|x64.ActiveCfg = Debug|Any CPU
		{289713D6-61F7-4BB7-A715-B86577C1407E}.Debug|x64.Build.0 = Debug|Any CPU
		{289713D6-61F7-4BB7-A715-B86577C1407E}.Debug|x86.ActiveCfg = Debug|Any CPU
		{289713D6-61F7-4BB7-A715-B86577C1407E}.Debug|x86.Build.0 = Debug|Any CPU
		{289713D6-61F7-4BB7-A715-B86577C1407E}.Release|Any CPU.ActiveCfg = Release|Any CPU
		{289713D6-61F7-4BB7-A715-B86577C1407E}.Release|Any CPU.Build.0 = Release|Any CPU
		{289713D6-61F7-4BB7-A715-B86577C1407E}.Release|ARM.ActiveCfg = Release|Any CPU
		{289713D6-61F7-4BB7-A715-B86577C1407E}.Release|ARM.Build.0 = Release|Any CPU
		{289713D6-61F7-4BB7-A715-B86577C1407E}.Release|iPhone.ActiveCfg = Release|Any CPU
		{289713D6-61F7-4BB7-A715-B86577C1407E}.Release|iPhone.Build.0 = Release|Any CPU
		{289713D6-61F7-4BB7-A715-B86577C1407E}.Release|iPhoneSimulator.ActiveCfg = Release|Any CPU
		{289713D6-61F7-4BB7-A715-B86577C1407E}.Release|iPhoneSimulator.Build.0 = Release|Any CPU
		{289713D6-61F7-4BB7-A715-B86577C1407E}.Release|x64.ActiveCfg = Release|Any CPU
		{289713D6-61F7-4BB7-A715-B86577C1407E}.Release|x64.Build.0 = Release|Any CPU
		{289713D6-61F7-4BB7-A715-B86577C1407E}.Release|x86.ActiveCfg = Release|Any CPU
		{289713D6-61F7-4BB7-A715-B86577C1407E}.Release|x86.Build.0 = Release|Any CPU
		{5D4E2161-848C-42E5-A061-B7C1CD0C1C53}.Ad-Hoc|Any CPU.ActiveCfg = Release|x86
		{5D4E2161-848C-42E5-A061-B7C1CD0C1C53}.Ad-Hoc|Any CPU.Build.0 = Release|x86
		{5D4E2161-848C-42E5-A061-B7C1CD0C1C53}.Ad-Hoc|Any CPU.Deploy.0 = Release|x86
		{5D4E2161-848C-42E5-A061-B7C1CD0C1C53}.Ad-Hoc|ARM.ActiveCfg = Release|ARM
		{5D4E2161-848C-42E5-A061-B7C1CD0C1C53}.Ad-Hoc|ARM.Build.0 = Release|ARM
		{5D4E2161-848C-42E5-A061-B7C1CD0C1C53}.Ad-Hoc|ARM.Deploy.0 = Release|ARM
		{5D4E2161-848C-42E5-A061-B7C1CD0C1C53}.Ad-Hoc|iPhone.ActiveCfg = Release|x86
		{5D4E2161-848C-42E5-A061-B7C1CD0C1C53}.Ad-Hoc|iPhone.Build.0 = Release|x86
		{5D4E2161-848C-42E5-A061-B7C1CD0C1C53}.Ad-Hoc|iPhone.Deploy.0 = Release|x86
		{5D4E2161-848C-42E5-A061-B7C1CD0C1C53}.Ad-Hoc|iPhoneSimulator.ActiveCfg = Release|x86
		{5D4E2161-848C-42E5-A061-B7C1CD0C1C53}.Ad-Hoc|iPhoneSimulator.Build.0 = Release|x86
		{5D4E2161-848C-42E5-A061-B7C1CD0C1C53}.Ad-Hoc|iPhoneSimulator.Deploy.0 = Release|x86
		{5D4E2161-848C-42E5-A061-B7C1CD0C1C53}.Ad-Hoc|x64.ActiveCfg = Release|x64
		{5D4E2161-848C-42E5-A061-B7C1CD0C1C53}.Ad-Hoc|x64.Build.0 = Release|x64
		{5D4E2161-848C-42E5-A061-B7C1CD0C1C53}.Ad-Hoc|x64.Deploy.0 = Release|x64
		{5D4E2161-848C-42E5-A061-B7C1CD0C1C53}.Ad-Hoc|x86.ActiveCfg = Release|x86
		{5D4E2161-848C-42E5-A061-B7C1CD0C1C53}.Ad-Hoc|x86.Build.0 = Release|x86
		{5D4E2161-848C-42E5-A061-B7C1CD0C1C53}.Ad-Hoc|x86.Deploy.0 = Release|x86
		{5D4E2161-848C-42E5-A061-B7C1CD0C1C53}.AppStore|Any CPU.ActiveCfg = Release|x86
		{5D4E2161-848C-42E5-A061-B7C1CD0C1C53}.AppStore|Any CPU.Build.0 = Release|x86
		{5D4E2161-848C-42E5-A061-B7C1CD0C1C53}.AppStore|Any CPU.Deploy.0 = Release|x86
		{5D4E2161-848C-42E5-A061-B7C1CD0C1C53}.AppStore|ARM.ActiveCfg = Release|ARM
		{5D4E2161-848C-42E5-A061-B7C1CD0C1C53}.AppStore|ARM.Build.0 = Release|ARM
		{5D4E2161-848C-42E5-A061-B7C1CD0C1C53}.AppStore|ARM.Deploy.0 = Release|ARM
		{5D4E2161-848C-42E5-A061-B7C1CD0C1C53}.AppStore|iPhone.ActiveCfg = Release|x86
		{5D4E2161-848C-42E5-A061-B7C1CD0C1C53}.AppStore|iPhone.Build.0 = Release|x86
		{5D4E2161-848C-42E5-A061-B7C1CD0C1C53}.AppStore|iPhone.Deploy.0 = Release|x86
		{5D4E2161-848C-42E5-A061-B7C1CD0C1C53}.AppStore|iPhoneSimulator.ActiveCfg = Release|x86
		{5D4E2161-848C-42E5-A061-B7C1CD0C1C53}.AppStore|iPhoneSimulator.Build.0 = Release|x86
		{5D4E2161-848C-42E5-A061-B7C1CD0C1C53}.AppStore|iPhoneSimulator.Deploy.0 = Release|x86
		{5D4E2161-848C-42E5-A061-B7C1CD0C1C53}.AppStore|x64.ActiveCfg = Release|x64
		{5D4E2161-848C-42E5-A061-B7C1CD0C1C53}.AppStore|x64.Build.0 = Release|x64
		{5D4E2161-848C-42E5-A061-B7C1CD0C1C53}.AppStore|x64.Deploy.0 = Release|x64
		{5D4E2161-848C-42E5-A061-B7C1CD0C1C53}.AppStore|x86.ActiveCfg = Release|x86
		{5D4E2161-848C-42E5-A061-B7C1CD0C1C53}.AppStore|x86.Build.0 = Release|x86
		{5D4E2161-848C-42E5-A061-B7C1CD0C1C53}.AppStore|x86.Deploy.0 = Release|x86
		{5D4E2161-848C-42E5-A061-B7C1CD0C1C53}.Debug|Any CPU.ActiveCfg = Debug|x86
		{5D4E2161-848C-42E5-A061-B7C1CD0C1C53}.Debug|ARM.ActiveCfg = Debug|ARM
		{5D4E2161-848C-42E5-A061-B7C1CD0C1C53}.Debug|ARM.Build.0 = Debug|ARM
		{5D4E2161-848C-42E5-A061-B7C1CD0C1C53}.Debug|ARM.Deploy.0 = Debug|ARM
		{5D4E2161-848C-42E5-A061-B7C1CD0C1C53}.Debug|iPhone.ActiveCfg = Debug|x86
		{5D4E2161-848C-42E5-A061-B7C1CD0C1C53}.Debug|iPhoneSimulator.ActiveCfg = Debug|x86
		{5D4E2161-848C-42E5-A061-B7C1CD0C1C53}.Debug|x64.ActiveCfg = Debug|x64
		{5D4E2161-848C-42E5-A061-B7C1CD0C1C53}.Debug|x64.Build.0 = Debug|x64
		{5D4E2161-848C-42E5-A061-B7C1CD0C1C53}.Debug|x64.Deploy.0 = Debug|x64
		{5D4E2161-848C-42E5-A061-B7C1CD0C1C53}.Debug|x86.ActiveCfg = Debug|x86
		{5D4E2161-848C-42E5-A061-B7C1CD0C1C53}.Debug|x86.Build.0 = Debug|x86
		{5D4E2161-848C-42E5-A061-B7C1CD0C1C53}.Debug|x86.Deploy.0 = Debug|x86
		{5D4E2161-848C-42E5-A061-B7C1CD0C1C53}.Release|Any CPU.ActiveCfg = Release|x86
		{5D4E2161-848C-42E5-A061-B7C1CD0C1C53}.Release|ARM.ActiveCfg = Release|ARM
		{5D4E2161-848C-42E5-A061-B7C1CD0C1C53}.Release|ARM.Build.0 = Release|ARM
		{5D4E2161-848C-42E5-A061-B7C1CD0C1C53}.Release|ARM.Deploy.0 = Release|ARM
		{5D4E2161-848C-42E5-A061-B7C1CD0C1C53}.Release|iPhone.ActiveCfg = Release|x86
		{5D4E2161-848C-42E5-A061-B7C1CD0C1C53}.Release|iPhoneSimulator.ActiveCfg = Release|x86
		{5D4E2161-848C-42E5-A061-B7C1CD0C1C53}.Release|x64.ActiveCfg = Release|x64
		{5D4E2161-848C-42E5-A061-B7C1CD0C1C53}.Release|x64.Build.0 = Release|x64
		{5D4E2161-848C-42E5-A061-B7C1CD0C1C53}.Release|x64.Deploy.0 = Release|x64
		{5D4E2161-848C-42E5-A061-B7C1CD0C1C53}.Release|x86.ActiveCfg = Release|x86
		{5D4E2161-848C-42E5-A061-B7C1CD0C1C53}.Release|x86.Build.0 = Release|x86
		{5D4E2161-848C-42E5-A061-B7C1CD0C1C53}.Release|x86.Deploy.0 = Release|x86
		{5F23575C-02AE-4C19-9438-1278A3803756}.Ad-Hoc|Any CPU.ActiveCfg = Ad-Hoc|iPhone
		{5F23575C-02AE-4C19-9438-1278A3803756}.Ad-Hoc|ARM.ActiveCfg = Ad-Hoc|iPhone
		{5F23575C-02AE-4C19-9438-1278A3803756}.Ad-Hoc|iPhone.ActiveCfg = Ad-Hoc|iPhone
		{5F23575C-02AE-4C19-9438-1278A3803756}.Ad-Hoc|iPhone.Build.0 = Ad-Hoc|iPhone
		{5F23575C-02AE-4C19-9438-1278A3803756}.Ad-Hoc|iPhoneSimulator.ActiveCfg = Ad-Hoc|iPhoneSimulator
		{5F23575C-02AE-4C19-9438-1278A3803756}.Ad-Hoc|iPhoneSimulator.Build.0 = Ad-Hoc|iPhoneSimulator
		{5F23575C-02AE-4C19-9438-1278A3803756}.Ad-Hoc|x64.ActiveCfg = Ad-Hoc|iPhone
		{5F23575C-02AE-4C19-9438-1278A3803756}.Ad-Hoc|x86.ActiveCfg = Ad-Hoc|iPhone
		{5F23575C-02AE-4C19-9438-1278A3803756}.AppStore|Any CPU.ActiveCfg = AppStore|iPhone
		{5F23575C-02AE-4C19-9438-1278A3803756}.AppStore|ARM.ActiveCfg = AppStore|iPhone
		{5F23575C-02AE-4C19-9438-1278A3803756}.AppStore|iPhone.ActiveCfg = AppStore|iPhone
		{5F23575C-02AE-4C19-9438-1278A3803756}.AppStore|iPhone.Build.0 = AppStore|iPhone
		{5F23575C-02AE-4C19-9438-1278A3803756}.AppStore|iPhoneSimulator.ActiveCfg = AppStore|iPhoneSimulator
		{5F23575C-02AE-4C19-9438-1278A3803756}.AppStore|iPhoneSimulator.Build.0 = AppStore|iPhoneSimulator
		{5F23575C-02AE-4C19-9438-1278A3803756}.AppStore|x64.ActiveCfg = AppStore|iPhone
		{5F23575C-02AE-4C19-9438-1278A3803756}.AppStore|x86.ActiveCfg = AppStore|iPhone
		{5F23575C-02AE-4C19-9438-1278A3803756}.Debug|Any CPU.ActiveCfg = Debug|iPhone
		{5F23575C-02AE-4C19-9438-1278A3803756}.Debug|ARM.ActiveCfg = Debug|iPhone
		{5F23575C-02AE-4C19-9438-1278A3803756}.Debug|iPhone.ActiveCfg = Debug|iPhone
		{5F23575C-02AE-4C19-9438-1278A3803756}.Debug|iPhone.Build.0 = Debug|iPhone
		{5F23575C-02AE-4C19-9438-1278A3803756}.Debug|iPhoneSimulator.ActiveCfg = Debug|iPhoneSimulator
		{5F23575C-02AE-4C19-9438-1278A3803756}.Debug|iPhoneSimulator.Build.0 = Debug|iPhoneSimulator
		{5F23575C-02AE-4C19-9438-1278A3803756}.Debug|x64.ActiveCfg = Debug|iPhone
		{5F23575C-02AE-4C19-9438-1278A3803756}.Debug|x86.ActiveCfg = Debug|iPhone
		{5F23575C-02AE-4C19-9438-1278A3803756}.Release|Any CPU.ActiveCfg = Release|iPhone
		{5F23575C-02AE-4C19-9438-1278A3803756}.Release|ARM.ActiveCfg = Release|iPhone
		{5F23575C-02AE-4C19-9438-1278A3803756}.Release|iPhone.ActiveCfg = Release|iPhone
		{5F23575C-02AE-4C19-9438-1278A3803756}.Release|iPhone.Build.0 = Release|iPhone
		{5F23575C-02AE-4C19-9438-1278A3803756}.Release|iPhoneSimulator.ActiveCfg = Release|iPhoneSimulator
		{5F23575C-02AE-4C19-9438-1278A3803756}.Release|iPhoneSimulator.Build.0 = Release|iPhoneSimulator
		{5F23575C-02AE-4C19-9438-1278A3803756}.Release|x64.ActiveCfg = Release|iPhone
		{5F23575C-02AE-4C19-9438-1278A3803756}.Release|x86.ActiveCfg = Release|iPhone
	EndGlobalSection
	GlobalSection(SolutionProperties) = preSolution
		HideSolutionNode = FALSE
	EndGlobalSection
EndGlobal
